{
  "name": "cargo-stowage-management-system",
  "version": "1.0.0",
  "lockfileVersion": 2,
  "requires": true,
  "packages": {
    "": {
      "name": "cargo-stowage-management-system",
      "version": "1.0.0",
      "dependencies": {
        "@testing-library/jest-dom": "^5.16.5",
        "@testing-library/react": "^13.4.0",
        "@testing-library/user-event": "^14.4.3",
        "axios": "^1.3.4",
        "react": "^18.2.0",
        "react-dom": "^18.2.0",
        "react-router-dom": "^6.9.0",
        "react-scripts": "5.0.1",
        "three": "^0.150.1",
        "web-vitals": "^3.3.0"
      }
    },
    "node_modules/@testing-library/jest-dom": {
      "version": "5.16.5",
      "resolved": "https://registry.npmjs.org/@testing-library/jest-dom/-/jest-dom-5.16.5.tgz",
      "integrity": "sha512-N5ixQ2qKpi5OLYfwQmUb/5mSV9LneAcaUfp32pn4yCnpb8r/Yz0pXFPck21dIicKmi+ta5WRAknkZCfA8refMA==",
      "dependencies": {
        "@adobe/css-tools": "^4.0.1",
        "@babel/runtime": "^7.9.2",
        "@types/testing-library__jest-dom": "^5.9.1",
        "aria-query": "^5.0.0",
        "chalk": "^3.0.0",
        "css.escape": "^1.5.1",
        "dom-accessibility-api": "^0.5.6",
        "lodash": "^4.17.15",
        "redent": "^3.0.0"
      },
      "engines": {
        "node": ">=8",
        "npm": ">=6",
        "yarn": ">=1"
      }
    },
    "node_modules/react": {
      "version": "18.2.0",
      "resolved": "https://registry.npmjs.org/react/-/react-18.2.0.tgz",
      "integrity": "sha512-/3IjMdb2L9QbBdWiW5e3P2/npwMBaU9mHCSCUzNln0ZCYbcfTsGbTJrU/kGemdH2IWmB2ioZ+zkxtmq6g09fGQ==",
      "dependencies": {
        "loose-envify": "^1.1.0"
      },
      "engines": {
        "node": ">=0.10.0"
      }
    }
    // ... many more dependencies would be listed here
  }
}
